Microsoft Visual Studio Solution File, Format Version 11.00
# Visual Studio 2008

Project("{A8AF5E44-F74D-953D-4C4D-A20BD985E613}") = "deepUnder2.0", "Assembly-CSharp-firstpass.csproj", "{49564D5C-9626-8F7F-5F4E-C2716F7900A1}"
EndProject
Project("{A8AF5E44-F74D-953D-4C4D-A20BD985E613}") = "deepUnder2.0", "Assembly-CSharp.csproj", "{706AB78F-9343-E861-7DBA-403C4EACEAEE}"
EndProject
Project("{A8AF5E44-F74D-953D-4C4D-A20BD985E613}") = "deepUnder2.0", "Assembly-UnityScript-firstpass.unityproj", "{55D6D4D0-FEF5-1F1B-D29F-C6B6EEB218C7}"
EndProject
Global
	GlobalSection(SolutionConfigurationPlatforms) = preSolution
		Debug|Any CPU = Debug|Any CPU
		Release|Any CPU = Release|Any CPU
	EndGlobalSection
	GlobalSection(ProjectConfigurationPlatforms) = postSolution
		{49564D5C-9626-8F7F-5F4E-C2716F7900A1}.Debug|Any CPU.ActiveCfg = Debug|Any CPU
		{49564D5C-9626-8F7F-5F4E-C2716F7900A1}.Debug|Any CPU.Build.0 = Debug|Any CPU
		{49564D5C-9626-8F7F-5F4E-C2716F7900A1}.Release|Any CPU.ActiveCfg = Release|Any CPU
		{49564D5C-9626-8F7F-5F4E-C2716F7900A1}.Release|Any CPU.Build.0 = Release|Any CPU
		{706AB78F-9343-E861-7DBA-403C4EACEAEE}.Debug|Any CPU.ActiveCfg = Debug|Any CPU
		{706AB78F-9343-E861-7DBA-403C4EACEAEE}.Debug|Any CPU.Build.0 = Debug|Any CPU
		{706AB78F-9343-E861-7DBA-403C4EACEAEE}.Release|Any CPU.ActiveCfg = Release|Any CPU
		{706AB78F-9343-E861-7DBA-403C4EACEAEE}.Release|Any CPU.Build.0 = Release|Any CPU
		{55D6D4D0-FEF5-1F1B-D29F-C6B6EEB218C7}.Debug|Any CPU.ActiveCfg = Debug|Any CPU
		{55D6D4D0-FEF5-1F1B-D29F-C6B6EEB218C7}.Debug|Any CPU.Build.0 = Debug|Any CPU
		{55D6D4D0-FEF5-1F1B-D29F-C6B6EEB218C7}.Release|Any CPU.ActiveCfg = Release|Any CPU
		{55D6D4D0-FEF5-1F1B-D29F-C6B6EEB218C7}.Release|Any CPU.Build.0 = Release|Any CPU
	EndGlobalSection
	GlobalSection(SolutionProperties) = preSolution
		HideSolutionNode = FALSE
	EndGlobalSection
																																																																																																																																																																																																																																																																																																																																																																												GlobalSection(MonoDevelopProperties) = preSolution
																																																																		GlobalSection(MonoDevelopProperties) = preSolution
																																																																									GlobalSection(MonoDevelopProperties) = preSolution
																																																																													GlobalSection(MonoDevelopProperties) = preSolution
		StartupItem = Assembly-CSharp.csproj
		Policies = $0
		$0.TextStylePolicy = $1
		$1.inheritsSet = null
		$1.scope = text/x-csharp
		$0.CSharpFormattingPolicy = $2
		$2.inheritsSet = Mono
		$2.inheritsScope = text/x-csharp
		$2.scope = text/x-csharp
		$0.TextStylePolicy = $3
		$3.FileWidth = 120
		$3.TabWidth = 4
		$3.EolMarker = Unix
		$3.inheritsSet = Mono
		$3.inheritsScope = text/plain
		$3.scope = text/plain
	EndGlobalSection

EndGlobal
