
Microsoft Visual Studio Solution File, Format Version 12.00
# Visual Studio 2017
Project("{FAE04EC0-301F-11D3-BF4B-00C04F79EFBC}") = "deepUnder2.0.Plugins", "deepUnder2.0.Plugins.csproj", "{040F91E2-BEA1-D5A7-9A16-40EF39FF67AB}"
EndProject
Project("{FAE04EC0-301F-11D3-BF4B-00C04F79EFBC}") = "deepUnder2.0", "deepUnder2.0.csproj", "{1BE1C800-62D6-118B-5209-06E83F069A53}"
EndProject
Global
	GlobalSection(SolutionConfigurationPlatforms) = preSolution
		Debug|Any CPU = Debug|Any CPU
		Release|Any CPU = Release|Any CPU
	EndGlobalSection
	GlobalSection(ProjectConfigurationPlatforms) = postSolution
		{040F91E2-BEA1-D5A7-9A16-40EF39FF67AB}.Debug|Any CPU.ActiveCfg = Debug|Any CPU
		{040F91E2-BEA1-D5A7-9A16-40EF39FF67AB}.Debug|Any CPU.Build.0 = Debug|Any CPU
		{040F91E2-BEA1-D5A7-9A16-40EF39FF67AB}.Release|Any CPU.ActiveCfg = Release|Any CPU
		{040F91E2-BEA1-D5A7-9A16-40EF39FF67AB}.Release|Any CPU.Build.0 = Release|Any CPU
		{1BE1C800-62D6-118B-5209-06E83F069A53}.Debug|Any CPU.ActiveCfg = Debug|Any CPU
		{1BE1C800-62D6-118B-5209-06E83F069A53}.Debug|Any CPU.Build.0 = Debug|Any CPU
		{1BE1C800-62D6-118B-5209-06E83F069A53}.Release|Any CPU.ActiveCfg = Release|Any CPU
		{1BE1C800-62D6-118B-5209-06E83F069A53}.Release|Any CPU.Build.0 = Release|Any CPU
	EndGlobalSection
	GlobalSection(SolutionProperties) = preSolution
		HideSolutionNode = FALSE
	EndGlobalSection
EndGlobal
